// !$*UTF8*$!
{
	archiveVersion = 1;
	classes = {
	};
	objectVersion = 46;
	objects = {

/* Begin PBXBuildFile section */
		D041043F191B36AA002230C3 /* LeaderMapViewController.m in Sources */ = {isa = PBXBuildFile; fileRef = D041043D191B36AA002230C3 /* LeaderMapViewController.m */; };
		D0410443191B373A002230C3 /* MapSourceConfig.m in Sources */ = {isa = PBXBuildFile; fileRef = D0410442191B373A002230C3 /* MapSourceConfig.m */; };
		D0410445191B83C8002230C3 /* maps.xml in Resources */ = {isa = PBXBuildFile; fileRef = D0410444191B83C8002230C3 /* maps.xml */; };
		D0410450191BCBBA002230C3 /* offline.png in Resources */ = {isa = PBXBuildFile; fileRef = D041044C191BCBBA002230C3 /* offline.png */; };
		D0410451191BCBBA002230C3 /* offline@2x.png in Resources */ = {isa = PBXBuildFile; fileRef = D041044D191BCBBA002230C3 /* offline@2x.png */; };
		D0410452191BCBBA002230C3 /* online.png in Resources */ = {isa = PBXBuildFile; fileRef = D041044E191BCBBA002230C3 /* online.png */; };
		D0410453191BCBBA002230C3 /* online@2x.png in Resources */ = {isa = PBXBuildFile; fileRef = D041044F191BCBBA002230C3 /* online@2x.png */; };
		D0512F55190F4596006D90C5 /* Foundation.framework in Frameworks */ = {isa = PBXBuildFile; fileRef = D0512F54190F4596006D90C5 /* Foundation.framework */; };
		D0512F57190F4596006D90C5 /* CoreGraphics.framework in Frameworks */ = {isa = PBXBuildFile; fileRef = D0512F56190F4596006D90C5 /* CoreGraphics.framework */; };
		D0512F59190F4596006D90C5 /* UIKit.framework in Frameworks */ = {isa = PBXBuildFile; fileRef = D0512F58190F4596006D90C5 /* UIKit.framework */; };
		D0512F5F190F4596006D90C5 /* InfoPlist.strings in Resources */ = {isa = PBXBuildFile; fileRef = D0512F5D190F4596006D90C5 /* InfoPlist.strings */; };
		D0512F61190F4596006D90C5 /* main.m in Sources */ = {isa = PBXBuildFile; fileRef = D0512F60190F4596006D90C5 /* main.m */; };
		D0512F65190F4596006D90C5 /* AppDelegate.m in Sources */ = {isa = PBXBuildFile; fileRef = D0512F64190F4596006D90C5 /* AppDelegate.m */; };
		D0512F6E190F4596006D90C5 /* XCTest.framework in Frameworks */ = {isa = PBXBuildFile; fileRef = D0512F6D190F4596006D90C5 /* XCTest.framework */; };
		D0512F6F190F4596006D90C5 /* Foundation.framework in Frameworks */ = {isa = PBXBuildFile; fileRef = D0512F54190F4596006D90C5 /* Foundation.framework */; };
		D0512F70190F4596006D90C5 /* UIKit.framework in Frameworks */ = {isa = PBXBuildFile; fileRef = D0512F58190F4596006D90C5 /* UIKit.framework */; };
		D0512F90190F58D5006D90C5 /* CoreLocation.framework in Frameworks */ = {isa = PBXBuildFile; fileRef = D0512F8F190F58D5006D90C5 /* CoreLocation.framework */; };
		D0512F92190F58DF006D90C5 /* QuartzCore.framework in Frameworks */ = {isa = PBXBuildFile; fileRef = D0512F91190F58DF006D90C5 /* QuartzCore.framework */; };
		D0512F95190F58FE006D90C5 /* libsqlite3.dylib in Frameworks */ = {isa = PBXBuildFile; fileRef = D0512F94190F58FE006D90C5 /* libsqlite3.dylib */; };
		D0512F97190F5906006D90C5 /* libz.dylib in Frameworks */ = {isa = PBXBuildFile; fileRef = D0512F96190F5906006D90C5 /* libz.dylib */; };
		D0512FD71910762E006D90C5 /* Default-568h@2x.png in Resources */ = {isa = PBXBuildFile; fileRef = D0512FC61910762E006D90C5 /* Default-568h@2x.png */; };
		D0512FD81910762E006D90C5 /* icon.png in Resources */ = {isa = PBXBuildFile; fileRef = D0512FC71910762E006D90C5 /* icon.png */; };
		D0512FD91910762E006D90C5 /* icon@2x.png in Resources */ = {isa = PBXBuildFile; fileRef = D0512FC81910762E006D90C5 /* icon@2x.png */; };
		D0512FDD1910762E006D90C5 /* NSData+Base64.m in Sources */ = {isa = PBXBuildFile; fileRef = D0512FCE1910762E006D90C5 /* NSData+Base64.m */; settings = {COMPILER_FLAGS = "-fno-objc-arc"; }; };
		D0937C4F19177BFE0045B8EC /* libXMap.a in Frameworks */ = {isa = PBXBuildFile; fileRef = D0937C4A19177BB60045B8EC /* libXMap.a */; };
		D0937C5019177C130045B8EC /* XMap.bundle in Resources */ = {isa = PBXBuildFile; fileRef = D0937C4C19177BB60045B8EC /* XMap.bundle */; };
		D0C04C6B191C596C0036D316 /* ioapi.c in Sources */ = {isa = PBXBuildFile; fileRef = D0C04C61191C596C0036D316 /* ioapi.c */; settings = {COMPILER_FLAGS = "-fno-objc-arc"; }; };
		D0C04C6C191C596C0036D316 /* mztools.c in Sources */ = {isa = PBXBuildFile; fileRef = D0C04C63191C596C0036D316 /* mztools.c */; };
		D0C04C6D191C596C0036D316 /* unzip.c in Sources */ = {isa = PBXBuildFile; fileRef = D0C04C65191C596C0036D316 /* unzip.c */; settings = {COMPILER_FLAGS = "-fno-objc-arc"; }; };
		D0C04C6E191C596C0036D316 /* zip.c in Sources */ = {isa = PBXBuildFile; fileRef = D0C04C67191C596C0036D316 /* zip.c */; settings = {COMPILER_FLAGS = "-fno-objc-arc"; }; };
		D0C04C6F191C596C0036D316 /* ZipArchive.mm in Sources */ = {isa = PBXBuildFile; fileRef = D0C04C6A191C596C0036D316 /* ZipArchive.mm */; settings = {COMPILER_FLAGS = "-fno-objc-arc"; }; };
/* End PBXBuildFile section */

/* Begin PBXContainerItemProxy section */
		D0512F71190F4596006D90C5 /* PBXContainerItemProxy */ = {
			isa = PBXContainerItemProxy;
			containerPortal = D0512F49190F4596006D90C5 /* Project object */;
			proxyType = 1;
			remoteGlobalIDString = D0512F50190F4596006D90C5;
			remoteInfo = LeaderMap;
		};
		D0937C4919177BB60045B8EC /* PBXContainerItemProxy */ = {
			isa = PBXContainerItemProxy;
			containerPortal = D0937C4419177BB60045B8EC /* MapView.xcodeproj */;
			proxyType = 2;
			remoteGlobalIDString = 17F31EFA1331050A00122B16;
			remoteInfo = MapView;
		};
		D0937C4B19177BB60045B8EC /* PBXContainerItemProxy */ = {
			isa = PBXContainerItemProxy;
			containerPortal = D0937C4419177BB60045B8EC /* MapView.xcodeproj */;
			proxyType = 2;
			remoteGlobalIDString = DD6A83751644A20C0097F31F;
			remoteInfo = Resources;
		};
		D0937C4D19177BF60045B8EC /* PBXContainerItemProxy */ = {
			isa = PBXContainerItemProxy;
			containerPortal = D0937C4419177BB60045B8EC /* MapView.xcodeproj */;
			proxyType = 1;
			remoteGlobalIDString = B8C974130E8A19B2007D16AD;
			remoteInfo = MapView;
		};
/* End PBXContainerItemProxy section */

/* Begin PBXFileReference section */
		D041043C191B36AA002230C3 /* LeaderMapViewController.h */ = {isa = PBXFileReference; fileEncoding = 4; lastKnownFileType = sourcecode.c.h; path = LeaderMapViewController.h; sourceTree = "<group>"; };
		D041043D191B36AA002230C3 /* LeaderMapViewController.m */ = {isa = PBXFileReference; fileEncoding = 4; lastKnownFileType = sourcecode.c.objc; path = LeaderMapViewController.m; sourceTree = "<group>"; };
		D0410441191B373A002230C3 /* MapSourceConfig.h */ = {isa = PBXFileReference; fileEncoding = 4; lastKnownFileType = sourcecode.c.h; path = MapSourceConfig.h; sourceTree = "<group>"; };
		D0410442191B373A002230C3 /* MapSourceConfig.m */ = {isa = PBXFileReference; fileEncoding = 4; lastKnownFileType = sourcecode.c.objc; path = MapSourceConfig.m; sourceTree = "<group>"; };
		D0410444191B83C8002230C3 /* maps.xml */ = {isa = PBXFileReference; fileEncoding = 4; lastKnownFileType = text.xml; name = maps.xml; path = LeaderMap/maps.xml; sourceTree = "<group>"; };
		D041044C191BCBBA002230C3 /* offline.png */ = {isa = PBXFileReference; lastKnownFileType = image.png; name = offline.png; path = LeaderMap/offline.png; sourceTree = "<group>"; };
		D041044D191BCBBA002230C3 /* offline@2x.png */ = {isa = PBXFileReference; lastKnownFileType = image.png; name = "offline@2x.png"; path = "LeaderMap/offline@2x.png"; sourceTree = "<group>"; };
		D041044E191BCBBA002230C3 /* online.png */ = {isa = PBXFileReference; lastKnownFileType = image.png; name = online.png; path = LeaderMap/online.png; sourceTree = "<group>"; };
		D041044F191BCBBA002230C3 /* online@2x.png */ = {isa = PBXFileReference; lastKnownFileType = image.png; name = "online@2x.png"; path = "LeaderMap/online@2x.png"; sourceTree = "<group>"; };
		D0512F51190F4596006D90C5 /* LeaderMap.app */ = {isa = PBXFileReference; explicitFileType = wrapper.application; includeInIndex = 0; path = LeaderMap.app; sourceTree = BUILT_PRODUCTS_DIR; };
		D0512F54190F4596006D90C5 /* Foundation.framework */ = {isa = PBXFileReference; lastKnownFileType = wrapper.framework; name = Foundation.framework; path = System/Library/Frameworks/Foundation.framework; sourceTree = SDKROOT; };
		D0512F56190F4596006D90C5 /* CoreGraphics.framework */ = {isa = PBXFileReference; lastKnownFileType = wrapper.framework; name = CoreGraphics.framework; path = System/Library/Frameworks/CoreGraphics.framework; sourceTree = SDKROOT; };
		D0512F58190F4596006D90C5 /* UIKit.framework */ = {isa = PBXFileReference; lastKnownFileType = wrapper.framework; name = UIKit.framework; path = System/Library/Frameworks/UIKit.framework; sourceTree = SDKROOT; };
		D0512F5C190F4596006D90C5 /* LeaderMap-Info.plist */ = {isa = PBXFileReference; lastKnownFileType = text.plist.xml; path = "LeaderMap-Info.plist"; sourceTree = "<group>"; };
		D0512F5E190F4596006D90C5 /* en */ = {isa = PBXFileReference; lastKnownFileType = text.plist.strings; name = en; path = en.lproj/InfoPlist.strings; sourceTree = "<group>"; };
		D0512F60190F4596006D90C5 /* main.m */ = {isa = PBXFileReference; lastKnownFileType = sourcecode.c.objc; path = main.m; sourceTree = "<group>"; };
		D0512F62190F4596006D90C5 /* LeaderMap-Prefix.pch */ = {isa = PBXFileReference; lastKnownFileType = sourcecode.c.h; path = "LeaderMap-Prefix.pch"; sourceTree = "<group>"; };
		D0512F63190F4596006D90C5 /* AppDelegate.h */ = {isa = PBXFileReference; lastKnownFileType = sourcecode.c.h; path = AppDelegate.h; sourceTree = "<group>"; };
		D0512F64190F4596006D90C5 /* AppDelegate.m */ = {isa = PBXFileReference; lastKnownFileType = sourcecode.c.objc; path = AppDelegate.m; sourceTree = "<group>"; };
		D0512F6C190F4596006D90C5 /* LeaderMapTests.xctest */ = {isa = PBXFileReference; explicitFileType = wrapper.cfbundle; includeInIndex = 0; path = LeaderMapTests.xctest; sourceTree = BUILT_PRODUCTS_DIR; };
		D0512F6D190F4596006D90C5 /* XCTest.framework */ = {isa = PBXFileReference; lastKnownFileType = wrapper.framework; name = XCTest.framework; path = Library/Frameworks/XCTest.framework; sourceTree = DEVELOPER_DIR; };
		D0512F8F190F58D5006D90C5 /* CoreLocation.framework */ = {isa = PBXFileReference; lastKnownFileType = wrapper.framework; name = CoreLocation.framework; path = System/Library/Frameworks/CoreLocation.framework; sourceTree = SDKROOT; };
		D0512F91190F58DF006D90C5 /* QuartzCore.framework */ = {isa = PBXFileReference; lastKnownFileType = wrapper.framework; name = QuartzCore.framework; path = System/Library/Frameworks/QuartzCore.framework; sourceTree = SDKROOT; };
		D0512F94190F58FE006D90C5 /* libsqlite3.dylib */ = {isa = PBXFileReference; lastKnownFileType = "compiled.mach-o.dylib"; name = libsqlite3.dylib; path = usr/lib/libsqlite3.dylib; sourceTree = SDKROOT; };
		D0512F96190F5906006D90C5 /* libz.dylib */ = {isa = PBXFileReference; lastKnownFileType = "compiled.mach-o.dylib"; name = libz.dylib; path = usr/lib/libz.dylib; sourceTree = SDKROOT; };
		D0512FC61910762E006D90C5 /* Default-568h@2x.png */ = {isa = PBXFileReference; lastKnownFileType = image.png; name = "Default-568h@2x.png"; path = "LeaderMap/Default-568h@2x.png"; sourceTree = "<group>"; };
		D0512FC71910762E006D90C5 /* icon.png */ = {isa = PBXFileReference; lastKnownFileType = image.png; name = icon.png; path = LeaderMap/icon.png; sourceTree = "<group>"; };
		D0512FC81910762E006D90C5 /* icon@2x.png */ = {isa = PBXFileReference; lastKnownFileType = image.png; name = "icon@2x.png"; path = "LeaderMap/icon@2x.png"; sourceTree = "<group>"; };
		D0512FCD1910762E006D90C5 /* NSData+Base64.h */ = {isa = PBXFileReference; fileEncoding = 4; lastKnownFileType = sourcecode.c.h; name = "NSData+Base64.h"; path = "LeaderMap/NSData+Base64.h"; sourceTree = "<group>"; };
		D0512FCE1910762E006D90C5 /* NSData+Base64.m */ = {isa = PBXFileReference; fileEncoding = 4; lastKnownFileType = sourcecode.c.objc; name = "NSData+Base64.m"; path = "LeaderMap/NSData+Base64.m"; sourceTree = "<group>"; };
		D0937C4419177BB60045B8EC /* MapView.xcodeproj */ = {isa = PBXFileReference; lastKnownFileType = "wrapper.pb-project"; name = MapView.xcodeproj; path = "xmap-ios-sdk/MapView/MapView.xcodeproj"; sourceTree = "<group>"; };
		D0C04C60191C596C0036D316 /* crypt.h */ = {isa = PBXFileReference; fileEncoding = 4; lastKnownFileType = sourcecode.c.h; path = crypt.h; sourceTree = "<group>"; };
		D0C04C61191C596C0036D316 /* ioapi.c */ = {isa = PBXFileReference; fileEncoding = 4; lastKnownFileType = sourcecode.c.c; path = ioapi.c; sourceTree = "<group>"; };
		D0C04C62191C596C0036D316 /* ioapi.h */ = {isa = PBXFileReference; fileEncoding = 4; lastKnownFileType = sourcecode.c.h; path = ioapi.h; sourceTree = "<group>"; };
		D0C04C63191C596C0036D316 /* mztools.c */ = {isa = PBXFileReference; fileEncoding = 4; lastKnownFileType = sourcecode.c.c; path = mztools.c; sourceTree = "<group>"; };
		D0C04C64191C596C0036D316 /* mztools.h */ = {isa = PBXFileReference; fileEncoding = 4; lastKnownFileType = sourcecode.c.h; path = mztools.h; sourceTree = "<group>"; };
		D0C04C65191C596C0036D316 /* unzip.c */ = {isa = PBXFileReference; fileEncoding = 4; lastKnownFileType = sourcecode.c.c; path = unzip.c; sourceTree = "<group>"; };
		D0C04C66191C596C0036D316 /* unzip.h */ = {isa = PBXFileReference; fileEncoding = 4; lastKnownFileType = sourcecode.c.h; path = unzip.h; sourceTree = "<group>"; };
		D0C04C67191C596C0036D316 /* zip.c */ = {isa = PBXFileReference; fileEncoding = 4; lastKnownFileType = sourcecode.c.c; path = zip.c; sourceTree = "<group>"; };
		D0C04C68191C596C0036D316 /* zip.h */ = {isa = PBXFileReference; fileEncoding = 4; lastKnownFileType = sourcecode.c.h; path = zip.h; sourceTree = "<group>"; };
		D0C04C69191C596C0036D316 /* ZipArchive.h */ = {isa = PBXFileReference; fileEncoding = 4; lastKnownFileType = sourcecode.c.h; name = ZipArchive.h; path = LeaderMap/ZipArchive.h; sourceTree = "<group>"; };
		D0C04C6A191C596C0036D316 /* ZipArchive.mm */ = {isa = PBXFileReference; fileEncoding = 4; lastKnownFileType = sourcecode.cpp.objcpp; name = ZipArchive.mm; path = LeaderMap/ZipArchive.mm; sourceTree = "<group>"; };
/* End PBXFileReference section */

/* Begin PBXFrameworksBuildPhase section */
		D0512F4E190F4596006D90C5 /* Frameworks */ = {
			isa = PBXFrameworksBuildPhase;
			buildActionMask = 2147483647;
			files = (
				D0937C4F19177BFE0045B8EC /* libXMap.a in Frameworks */,
				D0512F97190F5906006D90C5 /* libz.dylib in Frameworks */,
				D0512F95190F58FE006D90C5 /* libsqlite3.dylib in Frameworks */,
				D0512F92190F58DF006D90C5 /* QuartzCore.framework in Frameworks */,
				D0512F90190F58D5006D90C5 /* CoreLocation.framework in Frameworks */,
				D0512F57190F4596006D90C5 /* CoreGraphics.framework in Frameworks */,
				D0512F59190F4596006D90C5 /* UIKit.framework in Frameworks */,
				D0512F55190F4596006D90C5 /* Foundation.framework in Frameworks */,
			);
			runOnlyForDeploymentPostprocessing = 0;
		};
		D0512F69190F4596006D90C5 /* Frameworks */ = {
			isa = PBXFrameworksBuildPhase;
			buildActionMask = 2147483647;
			files = (
				D0512F6E190F4596006D90C5 /* XCTest.framework in Frameworks */,
				D0512F70190F4596006D90C5 /* UIKit.framework in Frameworks */,
				D0512F6F190F4596006D90C5 /* Foundation.framework in Frameworks */,
			);
			runOnlyForDeploymentPostprocessing = 0;
		};
/* End PBXFrameworksBuildPhase section */

/* Begin PBXGroup section */
		D0512F48190F4596006D90C5 = {
			isa = PBXGroup;
			children = (
				D0512F5A190F4596006D90C5 /* LeaderMap */,
				D0512FE419107640006D90C5 /* Resources */,
				D0512FC4191075D3006D90C5 /* Categories */,
				D0512FE519107661006D90C5 /* xmap-ios-sdk */,
				D0512F53190F4596006D90C5 /* Frameworks */,
				D0512F52190F4596006D90C5 /* Products */,
			);
			sourceTree = "<group>";
		};
		D0512F52190F4596006D90C5 /* Products */ = {
			isa = PBXGroup;
			children = (
				D0512F51190F4596006D90C5 /* LeaderMap.app */,
				D0512F6C190F4596006D90C5 /* LeaderMapTests.xctest */,
			);
			name = Products;
			sourceTree = "<group>";
		};
		D0512F53190F4596006D90C5 /* Frameworks */ = {
			isa = PBXGroup;
			children = (
				D0512F96190F5906006D90C5 /* libz.dylib */,
				D0512F94190F58FE006D90C5 /* libsqlite3.dylib */,
				D0512F91190F58DF006D90C5 /* QuartzCore.framework */,
				D0512F8F190F58D5006D90C5 /* CoreLocation.framework */,
				D0512F54190F4596006D90C5 /* Foundation.framework */,
				D0512F56190F4596006D90C5 /* CoreGraphics.framework */,
				D0512F58190F4596006D90C5 /* UIKit.framework */,
				D0512F6D190F4596006D90C5 /* XCTest.framework */,
			);
			name = Frameworks;
			sourceTree = "<group>";
		};
		D0512F5A190F4596006D90C5 /* LeaderMap */ = {
			isa = PBXGroup;
			children = (
				D0512F5B190F4596006D90C5 /* Supporting Files */,
				D041043C191B36AA002230C3 /* LeaderMapViewController.h */,
				D041043D191B36AA002230C3 /* LeaderMapViewController.m */,
				D0512F63190F4596006D90C5 /* AppDelegate.h */,
				D0512F64190F4596006D90C5 /* AppDelegate.m */,
				D0410441191B373A002230C3 /* MapSourceConfig.h */,
				D0410442191B373A002230C3 /* MapSourceConfig.m */,
			);
			path = LeaderMap;
			sourceTree = "<group>";
		};
		D0512F5B190F4596006D90C5 /* Supporting Files */ = {
			isa = PBXGroup;
			children = (
				D0512F5C190F4596006D90C5 /* LeaderMap-Info.plist */,
				D0512F5D190F4596006D90C5 /* InfoPlist.strings */,
				D0512F60190F4596006D90C5 /* main.m */,
				D0512F62190F4596006D90C5 /* LeaderMap-Prefix.pch */,
			);
			name = "Supporting Files";
			sourceTree = "<group>";
		};
		D0512FC4191075D3006D90C5 /* Categories */ = {
			isa = PBXGroup;
			children = (
				D0C04C5F191C596C0036D316 /* minizip */,
				D0C04C69191C596C0036D316 /* ZipArchive.h */,
				D0C04C6A191C596C0036D316 /* ZipArchive.mm */,
				D0512FCD1910762E006D90C5 /* NSData+Base64.h */,
				D0512FCE1910762E006D90C5 /* NSData+Base64.m */,
			);
			name = Categories;
			sourceTree = "<group>";
		};
		D0512FE419107640006D90C5 /* Resources */ = {
			isa = PBXGroup;
			children = (
				D041044C191BCBBA002230C3 /* offline.png */,
				D041044D191BCBBA002230C3 /* offline@2x.png */,
				D041044E191BCBBA002230C3 /* online.png */,
				D041044F191BCBBA002230C3 /* online@2x.png */,
				D0410444191B83C8002230C3 /* maps.xml */,
				D0512FC61910762E006D90C5 /* Default-568h@2x.png */,
				D0512FC71910762E006D90C5 /* icon.png */,
				D0512FC81910762E006D90C5 /* icon@2x.png */,
			);
			name = Resources;
			sourceTree = "<group>";
		};
		D0512FE519107661006D90C5 /* xmap-ios-sdk */ = {
			isa = PBXGroup;
			children = (
				D0937C4419177BB60045B8EC /* MapView.xcodeproj */,
			);
			name = "xmap-ios-sdk";
			sourceTree = "<group>";
		};
		D0937C4519177BB60045B8EC /* Products */ = {
			isa = PBXGroup;
			children = (
				D0937C4A19177BB60045B8EC /* libXMap.a */,
				D0937C4C19177BB60045B8EC /* XMap.bundle */,
			);
			name = Products;
			sourceTree = "<group>";
		};
		D0C04C5F191C596C0036D316 /* minizip */ = {
			isa = PBXGroup;
			children = (
				D0C04C60191C596C0036D316 /* crypt.h */,
				D0C04C61191C596C0036D316 /* ioapi.c */,
				D0C04C62191C596C0036D316 /* ioapi.h */,
				D0C04C63191C596C0036D316 /* mztools.c */,
				D0C04C64191C596C0036D316 /* mztools.h */,
				D0C04C65191C596C0036D316 /* unzip.c */,
				D0C04C66191C596C0036D316 /* unzip.h */,
				D0C04C67191C596C0036D316 /* zip.c */,
				D0C04C68191C596C0036D316 /* zip.h */,
			);
			name = minizip;
			path = LeaderMap/minizip;
			sourceTree = "<group>";
		};
/* End PBXGroup section */

/* Begin PBXNativeTarget section */
		D0512F50190F4596006D90C5 /* LeaderMap */ = {
			isa = PBXNativeTarget;
			buildConfigurationList = D0512F7D190F4596006D90C5 /* Build configuration list for PBXNativeTarget "LeaderMap" */;
			buildPhases = (
				D0512F4D190F4596006D90C5 /* Sources */,
				D0512F4E190F4596006D90C5 /* Frameworks */,
				D0512F4F190F4596006D90C5 /* Resources */,
			);
			buildRules = (
			);
			dependencies = (
				D0937C4E19177BF60045B8EC /* PBXTargetDependency */,
			);
			name = LeaderMap;
			productName = LeaderMap;
			productReference = D0512F51190F4596006D90C5 /* LeaderMap.app */;
			productType = "com.apple.product-type.application";
		};
		D0512F6B190F4596006D90C5 /* LeaderMapTests */ = {
			isa = PBXNativeTarget;
			buildConfigurationList = D0512F80190F4596006D90C5 /* Build configuration list for PBXNativeTarget "LeaderMapTests" */;
			buildPhases = (
				D0512F68190F4596006D90C5 /* Sources */,
				D0512F69190F4596006D90C5 /* Frameworks */,
				D0512F6A190F4596006D90C5 /* Resources */,
			);
			buildRules = (
			);
			dependencies = (
				D0512F72190F4596006D90C5 /* PBXTargetDependency */,
			);
			name = LeaderMapTests;
			productName = LeaderMapTests;
			productReference = D0512F6C190F4596006D90C5 /* LeaderMapTests.xctest */;
			productType = "com.apple.product-type.bundle.unit-test";
		};
/* End PBXNativeTarget section */

/* Begin PBXProject section */
		D0512F49190F4596006D90C5 /* Project object */ = {
			isa = PBXProject;
			attributes = {
				LastUpgradeCheck = 0510;
				ORGANIZATIONNAME = sw;
				TargetAttributes = {
					D0512F50190F4596006D90C5 = {
						DevelopmentTeam = DXP5LNCG3B;
					};
					D0512F6B190F4596006D90C5 = {
						TestTargetID = D0512F50190F4596006D90C5;
					};
				};
			};
			buildConfigurationList = D0512F4C190F4596006D90C5 /* Build configuration list for PBXProject "LeaderMap" */;
			compatibilityVersion = "Xcode 3.2";
			developmentRegion = English;
			hasScannedForEncodings = 0;
			knownRegions = (
				en,
			);
			mainGroup = D0512F48190F4596006D90C5;
			productRefGroup = D0512F52190F4596006D90C5 /* Products */;
			projectDirPath = "";
			projectReferences = (
				{
					ProductGroup = D0937C4519177BB60045B8EC /* Products */;
					ProjectRef = D0937C4419177BB60045B8EC /* MapView.xcodeproj */;
				},
			);
			projectRoot = "";
			targets = (
				D0512F50190F4596006D90C5 /* LeaderMap */,
				D0512F6B190F4596006D90C5 /* LeaderMapTests */,
			);
		};
/* End PBXProject section */

/* Begin PBXReferenceProxy section */
		D0937C4A19177BB60045B8EC /* libXMap.a */ = {
			isa = PBXReferenceProxy;
			fileType = archive.ar;
			path = libXMap.a;
			remoteRef = D0937C4919177BB60045B8EC /* PBXContainerItemProxy */;
			sourceTree = BUILT_PRODUCTS_DIR;
		};
		D0937C4C19177BB60045B8EC /* XMap.bundle */ = {
			isa = PBXReferenceProxy;
			fileType = wrapper.cfbundle;
			path = XMap.bundle;
			remoteRef = D0937C4B19177BB60045B8EC /* PBXContainerItemProxy */;
			sourceTree = BUILT_PRODUCTS_DIR;
		};
/* End PBXReferenceProxy section */

/* Begin PBXResourcesBuildPhase section */
		D0512F4F190F4596006D90C5 /* Resources */ = {
			isa = PBXResourcesBuildPhase;
			buildActionMask = 2147483647;
			files = (
				D0410445191B83C8002230C3 /* maps.xml in Resources */,
				D0410450191BCBBA002230C3 /* offline.png in Resources */,
				D0410451191BCBBA002230C3 /* offline@2x.png in Resources */,
				D0937C5019177C130045B8EC /* XMap.bundle in Resources */,
				D0410453191BCBBA002230C3 /* online@2x.png in Resources */,
				D0512FD81910762E006D90C5 /* icon.png in Resources */,
				D0512FD71910762E006D90C5 /* Default-568h@2x.png in Resources */,
				D0512F5F190F4596006D90C5 /* InfoPlist.strings in Resources */,
				D0512FD91910762E006D90C5 /* icon@2x.png in Resources */,
				D0410452191BCBBA002230C3 /* online.png in Resources */,
			);
			runOnlyForDeploymentPostprocessing = 0;
		};
		D0512F6A190F4596006D90C5 /* Resources */ = {
			isa = PBXResourcesBuildPhase;
			buildActionMask = 2147483647;
			files = (
			);
			runOnlyForDeploymentPostprocessing = 0;
		};
/* End PBXResourcesBuildPhase section */

/* Begin PBXSourcesBuildPhase section */
		D0512F4D190F4596006D90C5 /* Sources */ = {
			isa = PBXSourcesBuildPhase;
			buildActionMask = 2147483647;
			files = (
				D0C04C6B191C596C0036D316 /* ioapi.c in Sources */,
				D0512F65190F4596006D90C5 /* AppDelegate.m in Sources */,
				D0410443191B373A002230C3 /* MapSourceConfig.m in Sources */,
				D0C04C6E191C596C0036D316 /* zip.c in Sources */,
				D0C04C6F191C596C0036D316 /* ZipArchive.mm in Sources */,
				D0512FDD1910762E006D90C5 /* NSData+Base64.m in Sources */,
				D0C04C6C191C596C0036D316 /* mztools.c in Sources */,
				D0512F61190F4596006D90C5 /* main.m in Sources */,
				D0C04C6D191C596C0036D316 /* unzip.c in Sources */,
				D041043F191B36AA002230C3 /* LeaderMapViewController.m in Sources */,
			);
			runOnlyForDeploymentPostprocessing = 0;
		};
		D0512F68190F4596006D90C5 /* Sources */ = {
			isa = PBXSourcesBuildPhase;
			buildActionMask = 2147483647;
			files = (
			);
			runOnlyForDeploymentPostprocessing = 0;
		};
/* End PBXSourcesBuildPhase section */

/* Begin PBXTargetDependency section */
		D0512F72190F4596006D90C5 /* PBXTargetDependency */ = {
			isa = PBXTargetDependency;
			target = D0512F50190F4596006D90C5 /* LeaderMap */;
			targetProxy = D0512F71190F4596006D90C5 /* PBXContainerItemProxy */;
		};
		D0937C4E19177BF60045B8EC /* PBXTargetDependency */ = {
			isa = PBXTargetDependency;
			name = MapView;
			targetProxy = D0937C4D19177BF60045B8EC /* PBXContainerItemProxy */;
		};
/* End PBXTargetDependency section */

/* Begin PBXVariantGroup section */
		D0512F5D190F4596006D90C5 /* InfoPlist.strings */ = {
			isa = PBXVariantGroup;
			children = (
				D0512F5E190F4596006D90C5 /* en */,
			);
			name = InfoPlist.strings;
			sourceTree = "<group>";
		};
/* End PBXVariantGroup section */

/* Begin XCBuildConfiguration section */
		D0512F7B190F4596006D90C5 /* Debug */ = {
			isa = XCBuildConfiguration;
			buildSettings = {
				ALWAYS_SEARCH_USER_PATHS = NO;
				CLANG_CXX_LANGUAGE_STANDARD = "gnu++0x";
				CLANG_CXX_LIBRARY = "libc++";
				CLANG_ENABLE_MODULES = YES;
				CLANG_ENABLE_OBJC_ARC = YES;
				CLANG_WARN_BOOL_CONVERSION = YES;
				CLANG_WARN_CONSTANT_CONVERSION = YES;
				CLANG_WARN_DIRECT_OBJC_ISA_USAGE = YES_ERROR;
				CLANG_WARN_EMPTY_BODY = YES;
				CLANG_WARN_ENUM_CONVERSION = YES;
				CLANG_WARN_INT_CONVERSION = YES;
				CLANG_WARN_OBJC_ROOT_CLASS = YES_ERROR;
				CLANG_WARN__DUPLICATE_METHOD_MATCH = YES;
				"CODE_SIGN_IDENTITY[sdk=iphoneos*]" = "iPhone Developer";
				COPY_PHASE_STRIP = NO;
				GCC_C_LANGUAGE_STANDARD = gnu99;
				GCC_DYNAMIC_NO_PIC = NO;
				GCC_OPTIMIZATION_LEVEL = 0;
				GCC_PREPROCESSOR_DEFINITIONS = (
					"DEBUG=1",
					"$(inherited)",
				);
				GCC_SYMBOLS_PRIVATE_EXTERN = NO;
				GCC_WARN_64_TO_32_BIT_CONVERSION = YES;
				GCC_WARN_ABOUT_RETURN_TYPE = YES_ERROR;
				GCC_WARN_UNDECLARED_SELECTOR = YES;
				GCC_WARN_UNINITIALIZED_AUTOS = YES_AGGRESSIVE;
				GCC_WARN_UNUSED_FUNCTION = YES;
				GCC_WARN_UNUSED_VARIABLE = YES;
				IPHONEOS_DEPLOYMENT_TARGET = 5.0;
				ONLY_ACTIVE_ARCH = YES;
				OTHER_LDFLAGS = "-ObjC";
				SDKROOT = iphoneos;
				TARGETED_DEVICE_FAMILY = "1,2";
			};
			name = Debug;
		};
		D0512F7C190F4596006D90C5 /* Release */ = {
			isa = XCBuildConfiguration;
			buildSettings = {
				ALWAYS_SEARCH_USER_PATHS = NO;
				CLANG_CXX_LANGUAGE_STANDARD = "gnu++0x";
				CLANG_CXX_LIBRARY = "libc++";
				CLANG_ENABLE_MODULES = YES;
				CLANG_ENABLE_OBJC_ARC = YES;
				CLANG_WARN_BOOL_CONVERSION = YES;
				CLANG_WARN_CONSTANT_CONVERSION = YES;
				CLANG_WARN_DIRECT_OBJC_ISA_USAGE = YES_ERROR;
				CLANG_WARN_EMPTY_BODY = YES;
				CLANG_WARN_ENUM_CONVERSION = YES;
				CLANG_WARN_INT_CONVERSION = YES;
				CLANG_WARN_OBJC_ROOT_CLASS = YES_ERROR;
				CLANG_WARN__DUPLICATE_METHOD_MATCH = YES;
				"CODE_SIGN_IDENTITY[sdk=iphoneos*]" = "iPhone Distribution";
				COPY_PHASE_STRIP = YES;
				ENABLE_NS_ASSERTIONS = NO;
				GCC_C_LANGUAGE_STANDARD = gnu99;
				GCC_WARN_64_TO_32_BIT_CONVERSION = YES;
				GCC_WARN_ABOUT_RETURN_TYPE = YES_ERROR;
				GCC_WARN_UNDECLARED_SELECTOR = YES;
				GCC_WARN_UNINITIALIZED_AUTOS = YES_AGGRESSIVE;
				GCC_WARN_UNUSED_FUNCTION = YES;
				GCC_WARN_UNUSED_VARIABLE = YES;
				IPHONEOS_DEPLOYMENT_TARGET = 5.0;
				ONLY_ACTIVE_ARCH = NO;
				OTHER_LDFLAGS = "-ObjC";
				SDKROOT = iphoneos;
				TARGETED_DEVICE_FAMILY = "1,2";
				VALIDATE_PRODUCT = YES;
			};
			name = Release;
		};
		D0512F7E190F4596006D90C5 /* Debug */ = {
			isa = XCBuildConfiguration;
			buildSettings = {
				ASSETCATALOG_COMPILER_APPICON_NAME = AppIcon;
				ASSETCATALOG_COMPILER_LAUNCHIMAGE_NAME = LaunchImage;
				CODE_SIGN_IDENTITY = "iPhone Developer";
				"CODE_SIGN_IDENTITY[sdk=iphoneos*]" = "iPhone Developer";
				GCC_PRECOMPILE_PREFIX_HEADER = YES;
				GCC_PREFIX_HEADER = "LeaderMap/LeaderMap-Prefix.pch";
				INFOPLIST_FILE = "LeaderMap/LeaderMap-Info.plist";
				LIBRARY_SEARCH_PATHS = (
					"$(inherited)",
					"$(SRCROOT)/xmap-ios-sdk/MapView/Map/GRMustache/lib",
				);
				PRODUCT_NAME = "$(TARGET_NAME)";
				PROVISIONING_PROFILE = "";
				SKIP_INSTALL = NO;
				USER_HEADER_SEARCH_PATHS = "$(SRCROOT)/xmap-ios-sdk/**";
				WRAPPER_EXTENSION = app;
			};
			name = Debug;
		};
		D0512F7F190F4596006D90C5 /* Release */ = {
			isa = XCBuildConfiguration;
			buildSettings = {
				ASSETCATALOG_COMPILER_APPICON_NAME = AppIcon;
				ASSETCATALOG_COMPILER_LAUNCHIMAGE_NAME = LaunchImage;
				CODE_SIGN_IDENTITY = "iPhone Distribution";
				"CODE_SIGN_IDENTITY[sdk=iphoneos*]" = "iPhone Distribution";
				GCC_PRECOMPILE_PREFIX_HEADER = YES;
				GCC_PREFIX_HEADER = "LeaderMap/LeaderMap-Prefix.pch";
				INFOPLIST_FILE = "LeaderMap/LeaderMap-Info.plist";
				LIBRARY_SEARCH_PATHS = (
					"$(inherited)",
					"$(SRCROOT)/xmap-ios-sdk/MapView/Map/GRMustache/lib",
				);
				ONLY_ACTIVE_ARCH = NO;
				PRODUCT_NAME = "$(TARGET_NAME)";
				PROVISIONING_PROFILE = "";
				SKIP_INSTALL = NO;
				USER_HEADER_SEARCH_PATHS = "$(SRCROOT)/xmap-ios-sdk/**";
				WRAPPER_EXTENSION = app;
			};
			name = Release;
		};
		D0512F81190F4596006D90C5 /* Debug */ = {
			isa = XCBuildConfiguration;
			buildSettings = {
				BUNDLE_LOADER = "$(BUILT_PRODUCTS_DIR)/LeaderMap.app/LeaderMap";
				FRAMEWORK_SEARCH_PATHS = (
					"$(SDKROOT)/Developer/Library/Frameworks",
					"$(inherited)",
					"$(DEVELOPER_FRAMEWORKS_DIR)",
				);
				GCC_PRECOMPILE_PREFIX_HEADER = YES;
				GCC_PREFIX_HEADER = "LeaderMap/LeaderMap-Prefix.pch";
				GCC_PREPROCESSOR_DEFINITIONS = (
					"DEBUG=1",
					"$(inherited)",
				);
				INFOPLIST_FILE = "LeaderMapTests/LeaderMapTests-Info.plist";
				PRODUCT_NAME = "$(TARGET_NAME)";
				TEST_HOST = "$(BUNDLE_LOADER)";
				WRAPPER_EXTENSION = xctest;
			};
			name = Debug;
		};
		D0512F82190F4596006D90C5 /* Release */ = {
			isa = XCBuildConfiguration;
			buildSettings = {
				BUNDLE_LOADER = "$(BUILT_PRODUCTS_DIR)/LeaderMap.app/LeaderMap";
				FRAMEWORK_SEARCH_PATHS = (
					"$(SDKROOT)/Developer/Library/Frameworks",
					"$(inherited)",
					"$(DEVELOPER_FRAMEWORKS_DIR)",
				);
				GCC_PRECOMPILE_PREFIX_HEADER = YES;
				GCC_PREFIX_HEADER = "LeaderMap/LeaderMap-Prefix.pch";
				INFOPLIST_FILE = "LeaderMapTests/LeaderMapTests-Info.plist";
				PRODUCT_NAME = "$(TARGET_NAME)";
				TEST_HOST = "$(BUNDLE_LOADER)";
				WRAPPER_EXTENSION = xctest;
			};
			name = Release;
		};
/* End XCBuildConfiguration section */

/* Begin XCConfigurationList section */
		D0512F4C190F4596006D90C5 /* Build configuration list for PBXProject "LeaderMap" */ = {
			isa = XCConfigurationList;
			buildConfigurations = (
				D0512F7B190F4596006D90C5 /* Debug */,
				D0512F7C190F4596006D90C5 /* Release */,
			);
			defaultConfigurationIsVisible = 0;
			defaultConfigurationName = Release;
		};
		D0512F7D190F4596006D90C5 /* Build configuration list for PBXNativeTarget "LeaderMap" */ = {
			isa = XCConfigurationList;
			buildConfigurations = (
				D0512F7E190F4596006D90C5 /* Debug */,
				D0512F7F190F4596006D90C5 /* Release */,
			);
			defaultConfigurationIsVisible = 0;
			defaultConfigurationName = Release;
		};
		D0512F80190F4596006D90C5 /* Build configuration list for PBXNativeTarget "LeaderMapTests" */ = {
			isa = XCConfigurationList;
			buildConfigurations = (
				D0512F81190F4596006D90C5 /* Debug */,
				D0512F82190F4596006D90C5 /* Release */,
			);
			defaultConfigurationIsVisible = 0;
			defaultConfigurationName = Release;
		};
/* End XCConfigurationList section */
	};
	rootObject = D0512F49190F4596006D90C5 /* Project object */;
}
